// !$*UTF8*$!
{
	archiveVersion = 1;
	classes = {
	};
	objectVersion = 45;
	objects = {

/* Begin PBXBuildFile section */
		1D3623260D0F684500981E51 /* IPhodAppDelegate.m in Sources */ = {isa = PBXBuildFile; fileRef = 1D3623250D0F684500981E51 /* IPhodAppDelegate.m */; };
		1D60589B0D05DD56006BFB54 /* main.m in Sources */ = {isa = PBXBuildFile; fileRef = 29B97316FDCFA39411CA2CEA /* main.m */; };
		1D60589F0D05DD5A006BFB54 /* Foundation.framework in Frameworks */ = {isa = PBXBuildFile; fileRef = 1D30AB110D05D00D00671497 /* Foundation.framework */; };
		1DF5F4E00D08C38300B7A737 /* UIKit.framework in Frameworks */ = {isa = PBXBuildFile; fileRef = 1DF5F4DF0D08C38300B7A737 /* UIKit.framework */; };
		288765A50DF7441C002DB57D /* CoreGraphics.framework in Frameworks */ = {isa = PBXBuildFile; fileRef = 288765A40DF7441C002DB57D /* CoreGraphics.framework */; };
		2899E5220DE3E06400AC0155 /* IPhodViewController.xib in Resources */ = {isa = PBXBuildFile; fileRef = 2899E5210DE3E06400AC0155 /* IPhodViewController.xib */; };
		28AD733F0D9D9553002E5188 /* MainWindow.xib in Resources */ = {isa = PBXBuildFile; fileRef = 28AD733E0D9D9553002E5188 /* MainWindow.xib */; };
		28D7ACF80DDB3853001CB0EB /* IPhodViewController.m in Sources */ = {isa = PBXBuildFile; fileRef = 28D7ACF70DDB3853001CB0EB /* IPhodViewController.m */; };
		974615B31221950A00E2C758 /* logo_apple.png in Resources */ = {isa = PBXBuildFile; fileRef = 974615B21221950A00E2C758 /* logo_apple.png */; };
		97B84AFD0FB272D400C3D594 /* CSPodButton.m in Sources */ = {isa = PBXBuildFile; fileRef = 97B84AFC0FB272D400C3D594 /* CSPodButton.m */; };
		97C90FEF0F7B64BA0019A3C3 /* CSScrubber.m in Sources */ = {isa = PBXBuildFile; fileRef = 97C90FEE0F7B64BA0019A3C3 /* CSScrubber.m */; };
		97EE1C0A0FB3768F00FB5D80 /* Icon.png in Resources */ = {isa = PBXBuildFile; fileRef = 97EE1C090FB3768F00FB5D80 /* Icon.png */; };
		97EE1C9C0FB37F4100FB5D80 /* Default.png in Resources */ = {isa = PBXBuildFile; fileRef = 97EE1C9B0FB37F4100FB5D80 /* Default.png */; };
		97EE1CA70FB37FBE00FB5D80 /* MediaPlayer.framework in Frameworks */ = {isa = PBXBuildFile; fileRef = 97EE1CA60FB37FBE00FB5D80 /* MediaPlayer.framework */; };
		97EE1D7F0FB38E7600FB5D80 /* CSGroupTableViewController.m in Sources */ = {isa = PBXBuildFile; fileRef = 97EE1D7D0FB38E7600FB5D80 /* CSGroupTableViewController.m */; };
		97EE1D800FB38E7600FB5D80 /* CSGroupTableViewController.xib in Resources */ = {isa = PBXBuildFile; fileRef = 97EE1D7E0FB38E7600FB5D80 /* CSGroupTableViewController.xib */; };
		97EE1F900FB4959700FB5D80 /* CSItemViewController.m in Sources */ = {isa = PBXBuildFile; fileRef = 97EE1F8E0FB4959700FB5D80 /* CSItemViewController.m */; };
		97EE1F910FB4959700FB5D80 /* CSItemViewController.xib in Resources */ = {isa = PBXBuildFile; fileRef = 97EE1F8F0FB4959700FB5D80 /* CSItemViewController.xib */; };
/* End PBXBuildFile section */

/* Begin PBXFileReference section */
		1D30AB110D05D00D00671497 /* Foundation.framework */ = {isa = PBXFileReference; lastKnownFileType = wrapper.framework; name = Foundation.framework; path = System/Library/Frameworks/Foundation.framework; sourceTree = SDKROOT; };
		1D3623240D0F684500981E51 /* IPhodAppDelegate.h */ = {isa = PBXFileReference; fileEncoding = 4; lastKnownFileType = sourcecode.c.h; path = IPhodAppDelegate.h; sourceTree = "<group>"; };
		1D3623250D0F684500981E51 /* IPhodAppDelegate.m */ = {isa = PBXFileReference; fileEncoding = 4; lastKnownFileType = sourcecode.c.objc; path = IPhodAppDelegate.m; sourceTree = "<group>"; };
		1D6058910D05DD3D006BFB54 /* iPhod.app */ = {isa = PBXFileReference; explicitFileType = wrapper.application; includeInIndex = 0; path = iPhod.app; sourceTree = BUILT_PRODUCTS_DIR; };
		1DF5F4DF0D08C38300B7A737 /* UIKit.framework */ = {isa = PBXFileReference; lastKnownFileType = wrapper.framework; name = UIKit.framework; path = System/Library/Frameworks/UIKit.framework; sourceTree = SDKROOT; };
		288765A40DF7441C002DB57D /* CoreGraphics.framework */ = {isa = PBXFileReference; lastKnownFileType = wrapper.framework; name = CoreGraphics.framework; path = System/Library/Frameworks/CoreGraphics.framework; sourceTree = SDKROOT; };
		2899E5210DE3E06400AC0155 /* IPhodViewController.xib */ = {isa = PBXFileReference; lastKnownFileType = file.xib; path = IPhodViewController.xib; sourceTree = "<group>"; };
		28AD733E0D9D9553002E5188 /* MainWindow.xib */ = {isa = PBXFileReference; lastKnownFileType = file.xib; path = MainWindow.xib; sourceTree = "<group>"; };
		28D7ACF60DDB3853001CB0EB /* IPhodViewController.h */ = {isa = PBXFileReference; fileEncoding = 4; lastKnownFileType = sourcecode.c.h; path = IPhodViewController.h; sourceTree = "<group>"; };
		28D7ACF70DDB3853001CB0EB /* IPhodViewController.m */ = {isa = PBXFileReference; fileEncoding = 4; lastKnownFileType = sourcecode.c.objc; path = IPhodViewController.m; sourceTree = "<group>"; };
		29B97316FDCFA39411CA2CEA /* main.m */ = {isa = PBXFileReference; fileEncoding = 4; lastKnownFileType = sourcecode.c.objc; path = main.m; sourceTree = "<group>"; };
		32CA4F630368D1EE00C91783 /* iPhod_Prefix.pch */ = {isa = PBXFileReference; fileEncoding = 4; lastKnownFileType = sourcecode.c.h; path = iPhod_Prefix.pch; sourceTree = "<group>"; };
		8D1107310486CEB800E47090 /* iPhod-Info.plist */ = {isa = PBXFileReference; fileEncoding = 4; lastKnownFileType = text.plist.xml; path = "iPhod-Info.plist"; plistStructureDefinitionIdentifier = "com.apple.xcode.plist.structure-definition.iphone.info-plist"; sourceTree = "<group>"; };
		974615B21221950A00E2C758 /* logo_apple.png */ = {isa = PBXFileReference; lastKnownFileType = image.png; path = logo_apple.png; sourceTree = "<group>"; };
		97B84AFB0FB272D400C3D594 /* CSPodButton.h */ = {isa = PBXFileReference; fileEncoding = 4; lastKnownFileType = sourcecode.c.h; path = CSPodButton.h; sourceTree = "<group>"; };
		97B84AFC0FB272D400C3D594 /* CSPodButton.m */ = {isa = PBXFileReference; fileEncoding = 4; lastKnownFileType = sourcecode.c.objc; path = CSPodButton.m; sourceTree = "<group>"; };
		97C90FED0F7B64BA0019A3C3 /* CSScrubber.h */ = {isa = PBXFileReference; fileEncoding = 4; lastKnownFileType = sourcecode.c.h; path = CSScrubber.h; sourceTree = "<group>"; };
		97C90FEE0F7B64BA0019A3C3 /* CSScrubber.m */ = {isa = PBXFileReference; fileEncoding = 4; lastKnownFileType = sourcecode.c.objc; path = CSScrubber.m; sourceTree = "<group>"; };
		97EE1C090FB3768F00FB5D80 /* Icon.png */ = {isa = PBXFileReference; lastKnownFileType = image.png; path = Icon.png; sourceTree = "<group>"; };
		97EE1C9B0FB37F4100FB5D80 /* Default.png */ = {isa = PBXFileReference; lastKnownFileType = image.png; path = Default.png; sourceTree = "<group>"; };
		97EE1CA60FB37FBE00FB5D80 /* MediaPlayer.framework */ = {isa = PBXFileReference; lastKnownFileType = wrapper.framework; name = MediaPlayer.framework; path = System/Library/Frameworks/MediaPlayer.framework; sourceTree = SDKROOT; };
		97EE1D7C0FB38E7600FB5D80 /* CSGroupTableViewController.h */ = {isa = PBXFileReference; fileEncoding = 4; lastKnownFileType = sourcecode.c.h; path = CSGroupTableViewController.h; sourceTree = "<group>"; };
		97EE1D7D0FB38E7600FB5D80 /* CSGroupTableViewController.m */ = {isa = PBXFileReference; fileEncoding = 4; lastKnownFileType = sourcecode.c.objc; path = CSGroupTableViewController.m; sourceTree = "<group>"; };
		97EE1D7E0FB38E7600FB5D80 /* CSGroupTableViewController.xib */ = {isa = PBXFileReference; lastKnownFileType = file.xib; name = CSGroupTableViewController.xib; path = Classes/CSGroupTableViewController.xib; sourceTree = "<group>"; };
		97EE1F8D0FB4959700FB5D80 /* CSItemViewController.h */ = {isa = PBXFileReference; fileEncoding = 4; lastKnownFileType = sourcecode.c.h; path = CSItemViewController.h; sourceTree = "<group>"; };
		97EE1F8E0FB4959700FB5D80 /* CSItemViewController.m */ = {isa = PBXFileReference; fileEncoding = 4; lastKnownFileType = sourcecode.c.objc; path = CSItemViewController.m; sourceTree = "<group>"; };
		97EE1F8F0FB4959700FB5D80 /* CSItemViewController.xib */ = {isa = PBXFileReference; lastKnownFileType = file.xib; name = CSItemViewController.xib; path = Classes/CSItemViewController.xib; sourceTree = "<group>"; };
/* End PBXFileReference section */

/* Begin PBXFrameworksBuildPhase section */
		1D60588F0D05DD3D006BFB54 /* Frameworks */ = {
			isa = PBXFrameworksBuildPhase;
			buildActionMask = 2147483647;
			files = (
				1D60589F0D05DD5A006BFB54 /* Foundation.framework in Frameworks */,
				1DF5F4E00D08C38300B7A737 /* UIKit.framework in Frameworks */,
				288765A50DF7441C002DB57D /* CoreGraphics.framework in Frameworks */,
				97EE1CA70FB37FBE00FB5D80 /* MediaPlayer.framework in Frameworks */,
			);
			runOnlyForDeploymentPostprocessing = 0;
		};
/* End PBXFrameworksBuildPhase section */

/* Begin PBXGroup section */
		080E96DDFE201D6D7F000001 /* Classes */ = {
			isa = PBXGroup;
			children = (
				1D3623240D0F684500981E51 /* IPhodAppDelegate.h */,
				1D3623250D0F684500981E51 /* IPhodAppDelegate.m */,
				28D7ACF60DDB3853001CB0EB /* IPhodViewController.h */,
				28D7ACF70DDB3853001CB0EB /* IPhodViewController.m */,
				97C90FED0F7B64BA0019A3C3 /* CSScrubber.h */,
				97C90FEE0F7B64BA0019A3C3 /* CSScrubber.m */,
				97B84AFB0FB272D400C3D594 /* CSPodButton.h */,
				97B84AFC0FB272D400C3D594 /* CSPodButton.m */,
				97EE1D7C0FB38E7600FB5D80 /* CSGroupTableViewController.h */,
				97EE1D7D0FB38E7600FB5D80 /* CSGroupTableViewController.m */,
				97EE1F8D0FB4959700FB5D80 /* CSItemViewController.h */,
				97EE1F8E0FB4959700FB5D80 /* CSItemViewController.m */,
			);
			path = Classes;
			sourceTree = "<group>";
		};
		19C28FACFE9D520D11CA2CBB /* Products */ = {
			isa = PBXGroup;
			children = (
				1D6058910D05DD3D006BFB54 /* iPhod.app */,
			);
			name = Products;
			sourceTree = "<group>";
		};
		29B97314FDCFA39411CA2CEA /* CustomTemplate */ = {
			isa = PBXGroup;
			children = (
				080E96DDFE201D6D7F000001 /* Classes */,
				29B97315FDCFA39411CA2CEA /* Other Sources */,
				29B97317FDCFA39411CA2CEA /* Resources */,
				29B97323FDCFA39411CA2CEA /* Frameworks */,
				19C28FACFE9D520D11CA2CBB /* Products */,
				97EE1CA60FB37FBE00FB5D80 /* MediaPlayer.framework */,
			);
			name = CustomTemplate;
			sourceTree = "<group>";
		};
		29B97315FDCFA39411CA2CEA /* Other Sources */ = {
			isa = PBXGroup;
			children = (
				32CA4F630368D1EE00C91783 /* iPhod_Prefix.pch */,
				29B97316FDCFA39411CA2CEA /* main.m */,
			);
			name = "Other Sources";
			sourceTree = "<group>";
		};
		29B97317FDCFA39411CA2CEA /* Resources */ = {
			isa = PBXGroup;
			children = (
				974615B21221950A00E2C758 /* logo_apple.png */,
				97EE1C9B0FB37F4100FB5D80 /* Default.png */,
				97EE1C090FB3768F00FB5D80 /* Icon.png */,
				2899E5210DE3E06400AC0155 /* IPhodViewController.xib */,
				28AD733E0D9D9553002E5188 /* MainWindow.xib */,
				97EE1D7E0FB38E7600FB5D80 /* CSGroupTableViewController.xib */,
				97EE1F8F0FB4959700FB5D80 /* CSItemViewController.xib */,
				8D1107310486CEB800E47090 /* iPhod-Info.plist */,
			);
			name = Resources;
			sourceTree = "<group>";
		};
		29B97323FDCFA39411CA2CEA /* Frameworks */ = {
			isa = PBXGroup;
			children = (
				1DF5F4DF0D08C38300B7A737 /* UIKit.framework */,
				1D30AB110D05D00D00671497 /* Foundation.framework */,
				288765A40DF7441C002DB57D /* CoreGraphics.framework */,
			);
			name = Frameworks;
			sourceTree = "<group>";
		};
/* End PBXGroup section */

/* Begin PBXNativeTarget section */
		1D6058900D05DD3D006BFB54 /* iPhod */ = {
			isa = PBXNativeTarget;
			buildConfigurationList = 1D6058960D05DD3E006BFB54 /* Build configuration list for PBXNativeTarget "iPhod" */;
			buildPhases = (
				1D60588D0D05DD3D006BFB54 /* Resources */,
				1D60588E0D05DD3D006BFB54 /* Sources */,
				1D60588F0D05DD3D006BFB54 /* Frameworks */,
			);
			buildRules = (
			);
			dependencies = (
			);
			name = iPhod;
			productName = Scrubber;
			productReference = 1D6058910D05DD3D006BFB54 /* iPhod.app */;
			productType = "com.apple.product-type.application";
		};
/* End PBXNativeTarget section */

/* Begin PBXProject section */
		29B97313FDCFA39411CA2CEA /* Project object */ = {
			isa = PBXProject;
			buildConfigurationList = C01FCF4E08A954540054247B /* Build configuration list for PBXProject "iPhod" */;
			compatibilityVersion = "Xcode 3.1";
			developmentRegion = English;
			hasScannedForEncodings = 1;
			knownRegions = (
				en,
			);
			mainGroup = 29B97314FDCFA39411CA2CEA /* CustomTemplate */;
			projectDirPath = "";
			projectRoot = "";
			targets = (
				1D6058900D05DD3D006BFB54 /* iPhod */,
			);
		};
/* End PBXProject section */

/* Begin PBXResourcesBuildPhase section */
		1D60588D0D05DD3D006BFB54 /* Resources */ = {
			isa = PBXResourcesBuildPhase;
			buildActionMask = 2147483647;
			files = (
				28AD733F0D9D9553002E5188 /* MainWindow.xib in Resources */,
				2899E5220DE3E06400AC0155 /* IPhodViewController.xib in Resources */,
				97EE1C0A0FB3768F00FB5D80 /* Icon.png in Resources */,
				97EE1C9C0FB37F4100FB5D80 /* Default.png in Resources */,
				97EE1D800FB38E7600FB5D80 /* CSGroupTableViewController.xib in Resources */,
				97EE1F910FB4959700FB5D80 /* CSItemViewController.xib in Resources */,
				974615B31221950A00E2C758 /* logo_apple.png in Resources */,
			);
			runOnlyForDeploymentPostprocessing = 0;
		};
/* End PBXResourcesBuildPhase section */

/* Begin PBXSourcesBuildPhase section */
		1D60588E0D05DD3D006BFB54 /* Sources */ = {
			isa = PBXSourcesBuildPhase;
			buildActionMask = 2147483647;
			files = (
				1D60589B0D05DD56006BFB54 /* main.m in Sources */,
				1D3623260D0F684500981E51 /* IPhodAppDelegate.m in Sources */,
				28D7ACF80DDB3853001CB0EB /* IPhodViewController.m in Sources */,
				97C90FEF0F7B64BA0019A3C3 /* CSScrubber.m in Sources */,
				97B84AFD0FB272D400C3D594 /* CSPodButton.m in Sources */,
				97EE1D7F0FB38E7600FB5D80 /* CSGroupTableViewController.m in Sources */,
				97EE1F900FB4959700FB5D80 /* CSItemViewController.m in Sources */,
			);
			runOnlyForDeploymentPostprocessing = 0;
		};
/* End PBXSourcesBuildPhase section */

/* Begin XCBuildConfiguration section */
		1D6058940D05DD3E006BFB54 /* Debug */ = {
			isa = XCBuildConfiguration;
			buildSettings = {
				ALWAYS_SEARCH_USER_PATHS = NO;
				COPY_PHASE_STRIP = NO;
				GCC_DYNAMIC_NO_PIC = NO;
				GCC_OPTIMIZATION_LEVEL = 0;
				GCC_PRECOMPILE_PREFIX_HEADER = YES;
				GCC_PREFIX_HEADER = iPhod_Prefix.pch;
				INFOPLIST_FILE = "iPhod-Info.plist";
				PRODUCT_NAME = iPhod;
			};
			name = Debug;
		};
		1D6058950D05DD3E006BFB54 /* Release */ = {
			isa = XCBuildConfiguration;
			buildSettings = {
				ALWAYS_SEARCH_USER_PATHS = NO;
				COPY_PHASE_STRIP = YES;
				GCC_PRECOMPILE_PREFIX_HEADER = YES;
				GCC_PREFIX_HEADER = iPhod_Prefix.pch;
				INFOPLIST_FILE = "iPhod-Info.plist";
				PRODUCT_NAME = iPhod;
			};
			name = Release;
		};
		C01FCF4F08A954540054247B /* Debug */ = {
			isa = XCBuildConfiguration;
			buildSettings = {
				ARCHS = "$(ARCHS_STANDARD_32_BIT)";
				"CODE_SIGN_IDENTITY[sdk=iphoneos*]" = "iPhone Developer";
				GCC_C_LANGUAGE_STANDARD = c99;
				GCC_VERSION = com.apple.compilers.llvm.clang.1_0;
				GCC_WARN_ABOUT_RETURN_TYPE = YES;
				GCC_WARN_UNUSED_VARIABLE = YES;
				IPHONEOS_DEPLOYMENT_TARGET = 3.0;
				ONLY_ACTIVE_ARCH = YES;
				PREBINDING = NO;
				SDKROOT = iphoneos;
			};
			name = Debug;
		};
		C01FCF5008A954540054247B /* Release */ = {
			isa = XCBuildConfiguration;
			buildSettings = {
				ARCHS = "$(ARCHS_STANDARD_32_BIT)";
				"CODE_SIGN_IDENTITY[sdk=iphoneos*]" = "iPhone Developer";
				GCC_C_LANGUAGE_STANDARD = c99;
				GCC_WARN_ABOUT_RETURN_TYPE = YES;
				GCC_WARN_UNUSED_VARIABLE = YES;
				PREBINDING = NO;
				SDKROOT = iphoneos;
			};
			name = Release;
		};
/* End XCBuildConfiguration section */

/* Begin XCConfigurationList section */
		1D6058960D05DD3E006BFB54 /* Build configuration list for PBXNativeTarget "iPhod" */ = {
			isa = XCConfigurationList;
			buildConfigurations = (
				1D6058940D05DD3E006BFB54 /* Debug */,
				1D6058950D05DD3E006BFB54 /* Release */,
			);
			defaultConfigurationIsVisible = 0;
			defaultConfigurationName = Release;
		};
		C01FCF4E08A954540054247B /* Build configuration list for PBXProject "iPhod" */ = {
			isa = XCConfigurationList;
			buildConfigurations = (
				C01FCF4F08A954540054247B /* Debug */,
				C01FCF5008A954540054247B /* Release */,
			);
			defaultConfigurationIsVisible = 0;
			defaultConfigurationName = Release;
		};
/* End XCConfigurationList section */
	};
	rootObject = 29B97313FDCFA39411CA2CEA /* Project object */;
}
